
Microsoft Visual Studio Solution File, Format Version 12.00
# Visual Studio Version 17
VisualStudioVersion = 17.6.33815.320
MinimumVisualStudioVersion = 10.0.40219.1
Project("{9A19103F-16F7-4668-BE54-9A1E7A4F7556}") = "IssueTrackerAPI", "IssueTrackerAPI\IssueTrackerAPI.csproj", "{40A16B85-4C5B-4365-BEF2-E93A661F88FB}"
EndProject
Project("{9A19103F-16F7-4668-BE54-9A1E7A4F7556}") = "IssueTracker.Application", "IssueTrackerApplication\IssueTracker.Application.csproj", "{9393788B-FEDD-4F07-B674-F9AD56863D80}"
EndProject
Project("{9A19103F-16F7-4668-BE54-9A1E7A4F7556}") = "IssueTracker.DataAccess", "IssueTrackerDataAccess\IssueTracker.DataAccess.csproj", "{9D6B7265-4346-486D-A2A1-A7374FF9ACC0}"
EndProject
Project("{9A19103F-16F7-4668-BE54-9A1E7A4F7556}") = "IssueTracker.Abstractions", "IssueTracker.Abstractions\IssueTracker.Abstractions.csproj", "{E4399919-3974-4BA4-8D2D-C577DACE38B2}"
EndProject
Global
	GlobalSection(SolutionConfigurationPlatforms) = preSolution
		Debug|Any CPU = Debug|Any CPU
		Release|Any CPU = Release|Any CPU
	EndGlobalSection
	GlobalSection(ProjectConfigurationPlatforms) = postSolution
		{40A16B85-4C5B-4365-BEF2-E93A661F88FB}.Debug|Any CPU.ActiveCfg = Debug|Any CPU
		{40A16B85-4C5B-4365-BEF2-E93A661F88FB}.Debug|Any CPU.Build.0 = Debug|Any CPU
		{40A16B85-4C5B-4365-BEF2-E93A661F88FB}.Release|Any CPU.ActiveCfg = Release|Any CPU
		{40A16B85-4C5B-4365-BEF2-E93A661F88FB}.Release|Any CPU.Build.0 = Release|Any CPU
		{9393788B-FEDD-4F07-B674-F9AD56863D80}.Debug|Any CPU.ActiveCfg = Debug|Any CPU
		{9393788B-FEDD-4F07-B674-F9AD56863D80}.Debug|Any CPU.Build.0 = Debug|Any CPU
		{9393788B-FEDD-4F07-B674-F9AD56863D80}.Release|Any CPU.ActiveCfg = Release|Any CPU
		{9393788B-FEDD-4F07-B674-F9AD56863D80}.Release|Any CPU.Build.0 = Release|Any CPU
		{9D6B7265-4346-486D-A2A1-A7374FF9ACC0}.Debug|Any CPU.ActiveCfg = Debug|Any CPU
		{9D6B7265-4346-486D-A2A1-A7374FF9ACC0}.Debug|Any CPU.Build.0 = Debug|Any CPU
		{9D6B7265-4346-486D-A2A1-A7374FF9ACC0}.Release|Any CPU.ActiveCfg = Release|Any CPU
		{9D6B7265-4346-486D-A2A1-A7374FF9ACC0}.Release|Any CPU.Build.0 = Release|Any CPU
		{E4399919-3974-4BA4-8D2D-C577DACE38B2}.Debug|Any CPU.ActiveCfg = Debug|Any CPU
		{E4399919-3974-4BA4-8D2D-C577DACE38B2}.Debug|Any CPU.Build.0 = Debug|Any CPU
		{E4399919-3974-4BA4-8D2D-C577DACE38B2}.Release|Any CPU.ActiveCfg = Release|Any CPU
		{E4399919-3974-4BA4-8D2D-C577DACE38B2}.Release|Any CPU.Build.0 = Release|Any CPU
	EndGlobalSection
	GlobalSection(SolutionProperties) = preSolution
		HideSolutionNode = FALSE
	EndGlobalSection
	GlobalSection(ExtensibilityGlobals) = postSolution
		SolutionGuid = {91FA8861-0D5F-41A7-B3DC-EE54F86C870C}
	EndGlobalSection
EndGlobal
